
Microsoft Visual Studio Solution File, Format Version 10.00
# Visual Studio 2008
Project("{FAE04EC0-301F-11D3-BF4B-00C04F79EFBC}") = "xmlize", "xmlize\xmlize.csproj", "{1F855F5C-551E-489A-AB21-9D7A7B16B074}"
EndProject
Project("{FAE04EC0-301F-11D3-BF4B-00C04F79EFBC}") = "Avebury", "Avebury\Avebury.csproj", "{21E71371-734F-45A0-9850-B19C9251F869}"
EndProject
Project("{FAE04EC0-301F-11D3-BF4B-00C04F79EFBC}") = "Henge.Data", "..\..\..\data\Henge.Data.csproj", "{2B345116-71E3-4C8E-BBC1-9354791C7451}"
EndProject
Global
	GlobalSection(SolutionConfigurationPlatforms) = preSolution
		Debug|x86 = Debug|x86
		Release|x86 = Release|x86
	EndGlobalSection
	GlobalSection(ProjectConfigurationPlatforms) = postSolution
		{1F855F5C-551E-489A-AB21-9D7A7B16B074}.Debug|x86.ActiveCfg = Debug|x86
		{1F855F5C-551E-489A-AB21-9D7A7B16B074}.Debug|x86.Build.0 = Debug|x86
		{1F855F5C-551E-489A-AB21-9D7A7B16B074}.Release|x86.ActiveCfg = Release|x86
		{1F855F5C-551E-489A-AB21-9D7A7B16B074}.Release|x86.Build.0 = Release|x86
		{21E71371-734F-45A0-9850-B19C9251F869}.Debug|x86.ActiveCfg = Debug|Any CPU
		{21E71371-734F-45A0-9850-B19C9251F869}.Debug|x86.Build.0 = Debug|Any CPU
		{21E71371-734F-45A0-9850-B19C9251F869}.Release|x86.ActiveCfg = Release|Any CPU
		{21E71371-734F-45A0-9850-B19C9251F869}.Release|x86.Build.0 = Release|Any CPU
		{2B345116-71E3-4C8E-BBC1-9354791C7451}.Debug|x86.ActiveCfg = Debug|Any CPU
		{2B345116-71E3-4C8E-BBC1-9354791C7451}.Debug|x86.Build.0 = Debug|Any CPU
		{2B345116-71E3-4C8E-BBC1-9354791C7451}.Release|x86.ActiveCfg = Release|Any CPU
		{2B345116-71E3-4C8E-BBC1-9354791C7451}.Release|x86.Build.0 = Release|Any CPU
	EndGlobalSection
	GlobalSection(MonoDevelopProperties) = preSolution
		StartupItem = xmlize\xmlize.csproj
	EndGlobalSection
EndGlobal
